
Microsoft Visual Studio Solution File, Format Version 12.00
# Visual Studio Version 16
VisualStudioVersion = 16.0.29709.97
MinimumVisualStudioVersion = 10.0.40219.1
Project("{FAE04EC0-301F-11D3-BF4B-00C04F79EFBC}") = "stempowskilab2_3", "stempowskilab2_3.csproj", "{A068788C-3D47-4ADA-876D-980F1212D297}"
EndProject
Global
	GlobalSection(SolutionConfigurationPlatforms) = preSolution
		Debug|Any CPU = Debug|Any CPU
		Release|Any CPU = Release|Any CPU
	EndGlobalSection
	GlobalSection(ProjectConfigurationPlatforms) = postSolution
		{A068788C-3D47-4ADA-876D-980F1212D297}.Debug|Any CPU.ActiveCfg = Debug|Any CPU
		{A068788C-3D47-4ADA-876D-980F1212D297}.Debug|Any CPU.Build.0 = Debug|Any CPU
		{A068788C-3D47-4ADA-876D-980F1212D297}.Release|Any CPU.ActiveCfg = Release|Any CPU
		{A068788C-3D47-4ADA-876D-980F1212D297}.Release|Any CPU.Build.0 = Release|Any CPU
	EndGlobalSection
	GlobalSection(SolutionProperties) = preSolution
		HideSolutionNode = FALSE
	EndGlobalSection
	GlobalSection(ExtensibilityGlobals) = postSolution
		SolutionGuid = {59692692-4774-4D2B-9D36-A69D3CBE8835}
	EndGlobalSection
EndGlobal
